
Microsoft Visual Studio Solution File, Format Version 12.00
# Visual Studio Version 16
VisualStudioVersion = 25.0.1703.7
MinimumVisualStudioVersion = 10.0.40219.1
Project("{FAE04EC0-301F-11D3-BF4B-00C04F79EFBC}") = "Classes", "Classes\Classes.csproj", "{017F81AB-CC6E-4F06-8833-CF26CA5F909A}"
EndProject
Global
	GlobalSection(SolutionConfigurationPlatforms) = preSolution
		Debug|Any CPU = Debug|Any CPU
		Release|Any CPU = Release|Any CPU
	EndGlobalSection
	GlobalSection(ProjectConfigurationPlatforms) = postSolution
		{017F81AB-CC6E-4F06-8833-CF26CA5F909A}.Debug|Any CPU.ActiveCfg = Debug|Any CPU
		{017F81AB-CC6E-4F06-8833-CF26CA5F909A}.Debug|Any CPU.Build.0 = Debug|Any CPU
		{017F81AB-CC6E-4F06-8833-CF26CA5F909A}.Release|Any CPU.ActiveCfg = Release|Any CPU
		{017F81AB-CC6E-4F06-8833-CF26CA5F909A}.Release|Any CPU.Build.0 = Release|Any CPU
	EndGlobalSection
	GlobalSection(SolutionProperties) = preSolution
		HideSolutionNode = FALSE
	EndGlobalSection
	GlobalSection(ExtensibilityGlobals) = postSolution
		SolutionGuid = {8F001D3A-C84F-496F-944F-C56765C03F85}
	EndGlobalSection
EndGlobal
